
Microsoft Visual Studio Solution File, Format Version 12.00
# Visual Studio 14
VisualStudioVersion = 14.0.25420.1
MinimumVisualStudioVersion = 10.0.40219.1
Project("{FAE04EC0-301F-11D3-BF4B-00C04F79EFBC}") = "Core", "Core\Core.csproj", "{3539F082-A16D-4FB9-B397-DB80CBA3B79A}"
EndProject
Project("{FAE04EC0-301F-11D3-BF4B-00C04F79EFBC}") = "Cliente", "Cliente\Cliente.csproj", "{F57C4C37-2193-42B5-A34C-3C18AB9E4091}"
EndProject
Project("{FAE04EC0-301F-11D3-BF4B-00C04F79EFBC}") = "UnitTest", "UnitTest\UnitTest.csproj", "{348C3DD4-43C4-42BD-9666-3F49C850D42E}"
EndProject
Global
	GlobalSection(SolutionConfigurationPlatforms) = preSolution
		Debug|Any CPU = Debug|Any CPU
		Release|Any CPU = Release|Any CPU
	EndGlobalSection
	GlobalSection(ProjectConfigurationPlatforms) = postSolution
		{3539F082-A16D-4FB9-B397-DB80CBA3B79A}.Debug|Any CPU.ActiveCfg = Debug|Any CPU
		{3539F082-A16D-4FB9-B397-DB80CBA3B79A}.Debug|Any CPU.Build.0 = Debug|Any CPU
		{3539F082-A16D-4FB9-B397-DB80CBA3B79A}.Release|Any CPU.ActiveCfg = Release|Any CPU
		{3539F082-A16D-4FB9-B397-DB80CBA3B79A}.Release|Any CPU.Build.0 = Release|Any CPU
		{F57C4C37-2193-42B5-A34C-3C18AB9E4091}.Debug|Any CPU.ActiveCfg = Debug|Any CPU
		{F57C4C37-2193-42B5-A34C-3C18AB9E4091}.Debug|Any CPU.Build.0 = Debug|Any CPU
		{F57C4C37-2193-42B5-A34C-3C18AB9E4091}.Release|Any CPU.ActiveCfg = Release|Any CPU
		{F57C4C37-2193-42B5-A34C-3C18AB9E4091}.Release|Any CPU.Build.0 = Release|Any CPU
		{348C3DD4-43C4-42BD-9666-3F49C850D42E}.Debug|Any CPU.ActiveCfg = Debug|Any CPU
		{348C3DD4-43C4-42BD-9666-3F49C850D42E}.Debug|Any CPU.Build.0 = Debug|Any CPU
		{348C3DD4-43C4-42BD-9666-3F49C850D42E}.Release|Any CPU.ActiveCfg = Release|Any CPU
		{348C3DD4-43C4-42BD-9666-3F49C850D42E}.Release|Any CPU.Build.0 = Release|Any CPU
	EndGlobalSection
	GlobalSection(SolutionProperties) = preSolution
		HideSolutionNode = FALSE
	EndGlobalSection
EndGlobal
